
Microsoft Visual Studio Solution File, Format Version 12.00
# Visual Studio Version 17
VisualStudioVersion = 17.3.32825.248
MinimumVisualStudioVersion = 10.0.40219.1
Project("{FAE04EC0-301F-11D3-BF4B-00C04F79EFBC}") = "BookStore", "BookStore\BookStore.csproj", "{9CF6400A-3B57-4B49-8B6A-9829CAE6E654}"
EndProject
Global
	GlobalSection(SolutionConfigurationPlatforms) = preSolution
		Debug|Any CPU = Debug|Any CPU
		Release|Any CPU = Release|Any CPU
	EndGlobalSection
	GlobalSection(ProjectConfigurationPlatforms) = postSolution
		{9CF6400A-3B57-4B49-8B6A-9829CAE6E654}.Debug|Any CPU.ActiveCfg = Debug|Any CPU
		{9CF6400A-3B57-4B49-8B6A-9829CAE6E654}.Debug|Any CPU.Build.0 = Debug|Any CPU
		{9CF6400A-3B57-4B49-8B6A-9829CAE6E654}.Release|Any CPU.ActiveCfg = Release|Any CPU
		{9CF6400A-3B57-4B49-8B6A-9829CAE6E654}.Release|Any CPU.Build.0 = Release|Any CPU
	EndGlobalSection
	GlobalSection(SolutionProperties) = preSolution
		HideSolutionNode = FALSE
	EndGlobalSection
	GlobalSection(ExtensibilityGlobals) = postSolution
		SolutionGuid = {51369B2C-81BA-4137-B04F-EF26FA0CCFF0}
	EndGlobalSection
EndGlobal
